// !$*UTF8*$!
{
	archiveVersion = 1;
	classes = {
	};
	objectVersion = 56;
	objects = {

/* Begin PBXBuildFile section */
		215F0FD32B6417820036E5DC /* AppDelegate.swift in Sources */ = {isa = PBXBuildFile; fileRef = 215F0FD22B6417820036E5DC /* AppDelegate.swift */; };
		215F0FD52B6417820036E5DC /* SceneDelegate.swift in Sources */ = {isa = PBXBuildFile; fileRef = 215F0FD42B6417820036E5DC /* SceneDelegate.swift */; };
		215F0FD72B6417820036E5DC /* ViewController.swift in Sources */ = {isa = PBXBuildFile; fileRef = 215F0FD62B6417820036E5DC /* ViewController.swift */; };
		215F0FDA2B6417830036E5DC /* Main.storyboard in Resources */ = {isa = PBXBuildFile; fileRef = 215F0FD82B6417830036E5DC /* Main.storyboard */; };
		215F0FDC2B6417840036E5DC /* Assets.xcassets in Resources */ = {isa = PBXBuildFile; fileRef = 215F0FDB2B6417840036E5DC /* Assets.xcassets */; };
		215F0FDF2B6417840036E5DC /* LaunchScreen.storyboard in Resources */ = {isa = PBXBuildFile; fileRef = 215F0FDD2B6417840036E5DC /* LaunchScreen.storyboard */; };
		215F0FEA2B6417850036E5DC /* musicsearchTests.swift in Sources */ = {isa = PBXBuildFile; fileRef = 215F0FE92B6417850036E5DC /* musicsearchTests.swift */; };
		215F0FF42B6417850036E5DC /* musicsearchUITests.swift in Sources */ = {isa = PBXBuildFile; fileRef = 215F0FF32B6417850036E5DC /* musicsearchUITests.swift */; };
		215F0FF62B6417850036E5DC /* musicsearchUITestsLaunchTests.swift in Sources */ = {isa = PBXBuildFile; fileRef = 215F0FF52B6417850036E5DC /* musicsearchUITestsLaunchTests.swift */; };
		215F10032B6418A30036E5DC /* MusicTableViewCell.swift in Sources */ = {isa = PBXBuildFile; fileRef = 215F10022B6418A30036E5DC /* MusicTableViewCell.swift */; };
		216E5BAC2B6D4C700048E517 /* Itunes.swift in Sources */ = {isa = PBXBuildFile; fileRef = 216E5BAB2B6D4C700048E517 /* Itunes.swift */; };
		216E5BAE2B6D4E530048E517 /* TableViewController.swift in Sources */ = {isa = PBXBuildFile; fileRef = 216E5BAD2B6D4E530048E517 /* TableViewController.swift */; };
		560C87C735E5A872E6A691B4 /* Pods_musicsearch_musicsearchUITests.framework in Frameworks */ = {isa = PBXBuildFile; fileRef = D7ED347FEF2017D657C5A659 /* Pods_musicsearch_musicsearchUITests.framework */; };
		5ACC6B942FD31C89C474F79D /* Pods_musicsearch.framework in Frameworks */ = {isa = PBXBuildFile; fileRef = 2D00B184F05F756C14ED1DF9 /* Pods_musicsearch.framework */; };
		D45946658D0B16BAD6AAB9D0 /* Pods_musicsearchTests.framework in Frameworks */ = {isa = PBXBuildFile; fileRef = 9E0F39934822B66B662CD793 /* Pods_musicsearchTests.framework */; };
/* End PBXBuildFile section */

/* Begin PBXContainerItemProxy section */
		215F0FE62B6417850036E5DC /* PBXContainerItemProxy */ = {
			isa = PBXContainerItemProxy;
			containerPortal = 215F0FC72B6417820036E5DC /* Project object */;
			proxyType = 1;
			remoteGlobalIDString = 215F0FCE2B6417820036E5DC;
			remoteInfo = musicsearch;
		};
		215F0FF02B6417850036E5DC /* PBXContainerItemProxy */ = {
			isa = PBXContainerItemProxy;
			containerPortal = 215F0FC72B6417820036E5DC /* Project object */;
			proxyType = 1;
			remoteGlobalIDString = 215F0FCE2B6417820036E5DC;
			remoteInfo = musicsearch;
		};
/* End PBXContainerItemProxy section */

/* Begin PBXFileReference section */
		0608C11EACF5CABEFCA66E95 /* Pods-musicsearchTests.release.xcconfig */ = {isa = PBXFileReference; includeInIndex = 1; lastKnownFileType = text.xcconfig; name = "Pods-musicsearchTests.release.xcconfig"; path = "Target Support Files/Pods-musicsearchTests/Pods-musicsearchTests.release.xcconfig"; sourceTree = "<group>"; };
		1D3146E24BD31087494379FF /* Pods-musicsearchTests.debug.xcconfig */ = {isa = PBXFileReference; includeInIndex = 1; lastKnownFileType = text.xcconfig; name = "Pods-musicsearchTests.debug.xcconfig"; path = "Target Support Files/Pods-musicsearchTests/Pods-musicsearchTests.debug.xcconfig"; sourceTree = "<group>"; };
		215F0FCF2B6417820036E5DC /* musicsearch.app */ = {isa = PBXFileReference; explicitFileType = wrapper.application; includeInIndex = 0; path = musicsearch.app; sourceTree = BUILT_PRODUCTS_DIR; };
		215F0FD22B6417820036E5DC /* AppDelegate.swift */ = {isa = PBXFileReference; lastKnownFileType = sourcecode.swift; path = AppDelegate.swift; sourceTree = "<group>"; };
		215F0FD42B6417820036E5DC /* SceneDelegate.swift */ = {isa = PBXFileReference; lastKnownFileType = sourcecode.swift; path = SceneDelegate.swift; sourceTree = "<group>"; };
		215F0FD62B6417820036E5DC /* ViewController.swift */ = {isa = PBXFileReference; lastKnownFileType = sourcecode.swift; path = ViewController.swift; sourceTree = "<group>"; };
		215F0FD92B6417830036E5DC /* Base */ = {isa = PBXFileReference; lastKnownFileType = file.storyboard; name = Base; path = Base.lproj/Main.storyboard; sourceTree = "<group>"; };
		215F0FDB2B6417840036E5DC /* Assets.xcassets */ = {isa = PBXFileReference; lastKnownFileType = folder.assetcatalog; path = Assets.xcassets; sourceTree = "<group>"; };
		215F0FDE2B6417840036E5DC /* Base */ = {isa = PBXFileReference; lastKnownFileType = file.storyboard; name = Base; path = Base.lproj/LaunchScreen.storyboard; sourceTree = "<group>"; };
		215F0FE02B6417840036E5DC /* Info.plist */ = {isa = PBXFileReference; lastKnownFileType = text.plist.xml; path = Info.plist; sourceTree = "<group>"; };
		215F0FE52B6417850036E5DC /* musicsearchTests.xctest */ = {isa = PBXFileReference; explicitFileType = wrapper.cfbundle; includeInIndex = 0; path = musicsearchTests.xctest; sourceTree = BUILT_PRODUCTS_DIR; };
		215F0FE92B6417850036E5DC /* musicsearchTests.swift */ = {isa = PBXFileReference; lastKnownFileType = sourcecode.swift; path = musicsearchTests.swift; sourceTree = "<group>"; };
		215F0FEF2B6417850036E5DC /* musicsearchUITests.xctest */ = {isa = PBXFileReference; explicitFileType = wrapper.cfbundle; includeInIndex = 0; path = musicsearchUITests.xctest; sourceTree = BUILT_PRODUCTS_DIR; };
		215F0FF32B6417850036E5DC /* musicsearchUITests.swift */ = {isa = PBXFileReference; lastKnownFileType = sourcecode.swift; path = musicsearchUITests.swift; sourceTree = "<group>"; };
		215F0FF52B6417850036E5DC /* musicsearchUITestsLaunchTests.swift */ = {isa = PBXFileReference; lastKnownFileType = sourcecode.swift; path = musicsearchUITestsLaunchTests.swift; sourceTree = "<group>"; };
		215F10022B6418A30036E5DC /* MusicTableViewCell.swift */ = {isa = PBXFileReference; lastKnownFileType = sourcecode.swift; path = MusicTableViewCell.swift; sourceTree = "<group>"; };
		216E5BAB2B6D4C700048E517 /* Itunes.swift */ = {isa = PBXFileReference; lastKnownFileType = sourcecode.swift; path = Itunes.swift; sourceTree = "<group>"; };
		216E5BAD2B6D4E530048E517 /* TableViewController.swift */ = {isa = PBXFileReference; lastKnownFileType = sourcecode.swift; path = TableViewController.swift; sourceTree = "<group>"; };
		2D00B184F05F756C14ED1DF9 /* Pods_musicsearch.framework */ = {isa = PBXFileReference; explicitFileType = wrapper.framework; includeInIndex = 0; path = Pods_musicsearch.framework; sourceTree = BUILT_PRODUCTS_DIR; };
		7ECBEDE73F6C8DC6C489B5E7 /* Pods-musicsearch.debug.xcconfig */ = {isa = PBXFileReference; includeInIndex = 1; lastKnownFileType = text.xcconfig; name = "Pods-musicsearch.debug.xcconfig"; path = "Target Support Files/Pods-musicsearch/Pods-musicsearch.debug.xcconfig"; sourceTree = "<group>"; };
		8770F66AEEFA12BB336A8AA7 /* Pods-musicsearch-musicsearchUITests.debug.xcconfig */ = {isa = PBXFileReference; includeInIndex = 1; lastKnownFileType = text.xcconfig; name = "Pods-musicsearch-musicsearchUITests.debug.xcconfig"; path = "Target Support Files/Pods-musicsearch-musicsearchUITests/Pods-musicsearch-musicsearchUITests.debug.xcconfig"; sourceTree = "<group>"; };
		9E0F39934822B66B662CD793 /* Pods_musicsearchTests.framework */ = {isa = PBXFileReference; explicitFileType = wrapper.framework; includeInIndex = 0; path = Pods_musicsearchTests.framework; sourceTree = BUILT_PRODUCTS_DIR; };
		9E8C27C8C50ECC71776A1584 /* Pods-musicsearch-musicsearchUITests.release.xcconfig */ = {isa = PBXFileReference; includeInIndex = 1; lastKnownFileType = text.xcconfig; name = "Pods-musicsearch-musicsearchUITests.release.xcconfig"; path = "Target Support Files/Pods-musicsearch-musicsearchUITests/Pods-musicsearch-musicsearchUITests.release.xcconfig"; sourceTree = "<group>"; };
		ABC300552D9D47E70929435F /* Pods-musicsearch.release.xcconfig */ = {isa = PBXFileReference; includeInIndex = 1; lastKnownFileType = text.xcconfig; name = "Pods-musicsearch.release.xcconfig"; path = "Target Support Files/Pods-musicsearch/Pods-musicsearch.release.xcconfig"; sourceTree = "<group>"; };
		D7ED347FEF2017D657C5A659 /* Pods_musicsearch_musicsearchUITests.framework */ = {isa = PBXFileReference; explicitFileType = wrapper.framework; includeInIndex = 0; path = Pods_musicsearch_musicsearchUITests.framework; sourceTree = BUILT_PRODUCTS_DIR; };
/* End PBXFileReference section */

/* Begin PBXFrameworksBuildPhase section */
		215F0FCC2B6417820036E5DC /* Frameworks */ = {
			isa = PBXFrameworksBuildPhase;
			buildActionMask = 2147483647;
			files = (
				5ACC6B942FD31C89C474F79D /* Pods_musicsearch.framework in Frameworks */,
			);
			runOnlyForDeploymentPostprocessing = 0;
		};
		215F0FE22B6417850036E5DC /* Frameworks */ = {
			isa = PBXFrameworksBuildPhase;
			buildActionMask = 2147483647;
			files = (
				D45946658D0B16BAD6AAB9D0 /* Pods_musicsearchTests.framework in Frameworks */,
			);
			runOnlyForDeploymentPostprocessing = 0;
		};
		215F0FEC2B6417850036E5DC /* Frameworks */ = {
			isa = PBXFrameworksBuildPhase;
			buildActionMask = 2147483647;
			files = (
				560C87C735E5A872E6A691B4 /* Pods_musicsearch_musicsearchUITests.framework in Frameworks */,
			);
			runOnlyForDeploymentPostprocessing = 0;
		};
/* End PBXFrameworksBuildPhase section */

/* Begin PBXGroup section */
		215F0FC62B6417820036E5DC = {
			isa = PBXGroup;
			children = (
				215F0FD12B6417820036E5DC /* musicsearch */,
				215F0FE82B6417850036E5DC /* musicsearchTests */,
				215F0FF22B6417850036E5DC /* musicsearchUITests */,
				215F0FD02B6417820036E5DC /* Products */,
				E877CEDC35D3DFEFD36597FC /* Pods */,
				C70BB6081464B1E3607DD8B9 /* Frameworks */,
			);
			sourceTree = "<group>";
		};
		215F0FD02B6417820036E5DC /* Products */ = {
			isa = PBXGroup;
			children = (
				215F0FCF2B6417820036E5DC /* musicsearch.app */,
				215F0FE52B6417850036E5DC /* musicsearchTests.xctest */,
				215F0FEF2B6417850036E5DC /* musicsearchUITests.xctest */,
			);
			name = Products;
			sourceTree = "<group>";
		};
		215F0FD12B6417820036E5DC /* musicsearch */ = {
			isa = PBXGroup;
			children = (
				215F0FD22B6417820036E5DC /* AppDelegate.swift */,
				215F0FD42B6417820036E5DC /* SceneDelegate.swift */,
				215F0FD62B6417820036E5DC /* ViewController.swift */,
				216E5BAD2B6D4E530048E517 /* TableViewController.swift */,
				215F10022B6418A30036E5DC /* MusicTableViewCell.swift */,
				216E5BAB2B6D4C700048E517 /* Itunes.swift */,
				215F0FD82B6417830036E5DC /* Main.storyboard */,
				215F0FDB2B6417840036E5DC /* Assets.xcassets */,
				215F0FDD2B6417840036E5DC /* LaunchScreen.storyboard */,
				215F0FE02B6417840036E5DC /* Info.plist */,
			);
			path = musicsearch;
			sourceTree = "<group>";
		};
		215F0FE82B6417850036E5DC /* musicsearchTests */ = {
			isa = PBXGroup;
			children = (
				215F0FE92B6417850036E5DC /* musicsearchTests.swift */,
			);
			path = musicsearchTests;
			sourceTree = "<group>";
		};
		215F0FF22B6417850036E5DC /* musicsearchUITests */ = {
			isa = PBXGroup;
			children = (
				215F0FF32B6417850036E5DC /* musicsearchUITests.swift */,
				215F0FF52B6417850036E5DC /* musicsearchUITestsLaunchTests.swift */,
			);
			path = musicsearchUITests;
			sourceTree = "<group>";
		};
		C70BB6081464B1E3607DD8B9 /* Frameworks */ = {
			isa = PBXGroup;
			children = (
				2D00B184F05F756C14ED1DF9 /* Pods_musicsearch.framework */,
				D7ED347FEF2017D657C5A659 /* Pods_musicsearch_musicsearchUITests.framework */,
				9E0F39934822B66B662CD793 /* Pods_musicsearchTests.framework */,
			);
			name = Frameworks;
			sourceTree = "<group>";
		};
		E877CEDC35D3DFEFD36597FC /* Pods */ = {
			isa = PBXGroup;
			children = (
				7ECBEDE73F6C8DC6C489B5E7 /* Pods-musicsearch.debug.xcconfig */,
				ABC300552D9D47E70929435F /* Pods-musicsearch.release.xcconfig */,
				8770F66AEEFA12BB336A8AA7 /* Pods-musicsearch-musicsearchUITests.debug.xcconfig */,
				9E8C27C8C50ECC71776A1584 /* Pods-musicsearch-musicsearchUITests.release.xcconfig */,
				1D3146E24BD31087494379FF /* Pods-musicsearchTests.debug.xcconfig */,
				0608C11EACF5CABEFCA66E95 /* Pods-musicsearchTests.release.xcconfig */,
			);
			path = Pods;
			sourceTree = "<group>";
		};
/* End PBXGroup section */

/* Begin PBXNativeTarget section */
		215F0FCE2B6417820036E5DC /* musicsearch */ = {
			isa = PBXNativeTarget;
			buildConfigurationList = 215F0FF92B6417850036E5DC /* Build configuration list for PBXNativeTarget "musicsearch" */;
			buildPhases = (
				F620A0B8DCAC043D3B5253B0 /* [CP] Check Pods Manifest.lock */,
				215F0FCB2B6417820036E5DC /* Sources */,
				215F0FCC2B6417820036E5DC /* Frameworks */,
				215F0FCD2B6417820036E5DC /* Resources */,
				BA196855B3EC0DCBC0EE7478 /* [CP] Embed Pods Frameworks */,
			);
			buildRules = (
			);
			dependencies = (
			);
			name = musicsearch;
			productName = musicsearch;
			productReference = 215F0FCF2B6417820036E5DC /* musicsearch.app */;
			productType = "com.apple.product-type.application";
		};
		215F0FE42B6417850036E5DC /* musicsearchTests */ = {
			isa = PBXNativeTarget;
			buildConfigurationList = 215F0FFC2B6417850036E5DC /* Build configuration list for PBXNativeTarget "musicsearchTests" */;
			buildPhases = (
				81CA23861F962B0D983A7A4D /* [CP] Check Pods Manifest.lock */,
				215F0FE12B6417850036E5DC /* Sources */,
				215F0FE22B6417850036E5DC /* Frameworks */,
				215F0FE32B6417850036E5DC /* Resources */,
			);
			buildRules = (
			);
			dependencies = (
				215F0FE72B6417850036E5DC /* PBXTargetDependency */,
			);
			name = musicsearchTests;
			productName = musicsearchTests;
			productReference = 215F0FE52B6417850036E5DC /* musicsearchTests.xctest */;
			productType = "com.apple.product-type.bundle.unit-test";
		};
		215F0FEE2B6417850036E5DC /* musicsearchUITests */ = {
			isa = PBXNativeTarget;
			buildConfigurationList = 215F0FFF2B6417850036E5DC /* Build configuration list for PBXNativeTarget "musicsearchUITests" */;
			buildPhases = (
				D6769D54226A2DFC62D4195B /* [CP] Check Pods Manifest.lock */,
				215F0FEB2B6417850036E5DC /* Sources */,
				215F0FEC2B6417850036E5DC /* Frameworks */,
				215F0FED2B6417850036E5DC /* Resources */,
				01D2014959BFAFA163ED9167 /* [CP] Embed Pods Frameworks */,
			);
			buildRules = (
			);
			dependencies = (
				215F0FF12B6417850036E5DC /* PBXTargetDependency */,
			);
			name = musicsearchUITests;
			productName = musicsearchUITests;
			productReference = 215F0FEF2B6417850036E5DC /* musicsearchUITests.xctest */;
			productType = "com.apple.product-type.bundle.ui-testing";
		};
/* End PBXNativeTarget section */

/* Begin PBXProject section */
		215F0FC72B6417820036E5DC /* Project object */ = {
			isa = PBXProject;
			attributes = {
				BuildIndependentTargetsInParallel = 1;
				LastSwiftUpdateCheck = 1520;
				LastUpgradeCheck = 1520;
				TargetAttributes = {
					215F0FCE2B6417820036E5DC = {
						CreatedOnToolsVersion = 15.2;
					};
					215F0FE42B6417850036E5DC = {
						CreatedOnToolsVersion = 15.2;
						TestTargetID = 215F0FCE2B6417820036E5DC;
					};
					215F0FEE2B6417850036E5DC = {
						CreatedOnToolsVersion = 15.2;
						TestTargetID = 215F0FCE2B6417820036E5DC;
					};
				};
			};
			buildConfigurationList = 215F0FCA2B6417820036E5DC /* Build configuration list for PBXProject "musicsearch" */;
			compatibilityVersion = "Xcode 14.0";
			developmentRegion = en;
			hasScannedForEncodings = 0;
			knownRegions = (
				en,
				Base,
			);
			mainGroup = 215F0FC62B6417820036E5DC;
			productRefGroup = 215F0FD02B6417820036E5DC /* Products */;
			projectDirPath = "";
			projectRoot = "";
			targets = (
				215F0FCE2B6417820036E5DC /* musicsearch */,
				215F0FE42B6417850036E5DC /* musicsearchTests */,
				215F0FEE2B6417850036E5DC /* musicsearchUITests */,
			);
		};
/* End PBXProject section */

/* Begin PBXResourcesBuildPhase section */
		215F0FCD2B6417820036E5DC /* Resources */ = {
			isa = PBXResourcesBuildPhase;
			buildActionMask = 2147483647;
			files = (
				215F0FDF2B6417840036E5DC /* LaunchScreen.storyboard in Resources */,
				215F0FDC2B6417840036E5DC /* Assets.xcassets in Resources */,
				215F0FDA2B6417830036E5DC /* Main.storyboard in Resources */,
			);
			runOnlyForDeploymentPostprocessing = 0;
		};
		215F0FE32B6417850036E5DC /* Resources */ = {
			isa = PBXResourcesBuildPhase;
			buildActionMask = 2147483647;
			files = (
			);
			runOnlyForDeploymentPostprocessing = 0;
		};
		215F0FED2B6417850036E5DC /* Resources */ = {
			isa = PBXResourcesBuildPhase;
			buildActionMask = 2147483647;
			files = (
			);
			runOnlyForDeploymentPostprocessing = 0;
		};
/* End PBXResourcesBuildPhase section */

/* Begin PBXShellScriptBuildPhase section */
		01D2014959BFAFA163ED9167 /* [CP] Embed Pods Frameworks */ = {
			isa = PBXShellScriptBuildPhase;
			buildActionMask = 2147483647;
			files = (
			);
			inputFileListPaths = (
				"${PODS_ROOT}/Target Support Files/Pods-musicsearch-musicsearchUITests/Pods-musicsearch-musicsearchUITests-frameworks-${CONFIGURATION}-input-files.xcfilelist",
			);
			name = "[CP] Embed Pods Frameworks";
			outputFileListPaths = (
				"${PODS_ROOT}/Target Support Files/Pods-musicsearch-musicsearchUITests/Pods-musicsearch-musicsearchUITests-frameworks-${CONFIGURATION}-output-files.xcfilelist",
			);
			runOnlyForDeploymentPostprocessing = 0;
			shellPath = /bin/sh;
			shellScript = "\"${PODS_ROOT}/Target Support Files/Pods-musicsearch-musicsearchUITests/Pods-musicsearch-musicsearchUITests-frameworks.sh\"\n";
			showEnvVarsInLog = 0;
		};
		81CA23861F962B0D983A7A4D /* [CP] Check Pods Manifest.lock */ = {
			isa = PBXShellScriptBuildPhase;
			buildActionMask = 2147483647;
			files = (
			);
			inputFileListPaths = (
			);
			inputPaths = (
				"${PODS_PODFILE_DIR_PATH}/Podfile.lock",
				"${PODS_ROOT}/Manifest.lock",
			);
			name = "[CP] Check Pods Manifest.lock";
			outputFileListPaths = (
			);
			outputPaths = (
				"$(DERIVED_FILE_DIR)/Pods-musicsearchTests-checkManifestLockResult.txt",
			);
			runOnlyForDeploymentPostprocessing = 0;
			shellPath = /bin/sh;
			shellScript = "diff \"${PODS_PODFILE_DIR_PATH}/Podfile.lock\" \"${PODS_ROOT}/Manifest.lock\" > /dev/null\nif [ $? != 0 ] ; then\n    # print error to STDERR\n    echo \"error: The sandbox is not in sync with the Podfile.lock. Run 'pod install' or update your CocoaPods installation.\" >&2\n    exit 1\nfi\n# This output is used by Xcode 'outputs' to avoid re-running this script phase.\necho \"SUCCESS\" > \"${SCRIPT_OUTPUT_FILE_0}\"\n";
			showEnvVarsInLog = 0;
		};
		BA196855B3EC0DCBC0EE7478 /* [CP] Embed Pods Frameworks */ = {
			isa = PBXShellScriptBuildPhase;
			buildActionMask = 2147483647;
			files = (
			);
			inputFileListPaths = (
				"${PODS_ROOT}/Target Support Files/Pods-musicsearch/Pods-musicsearch-frameworks-${CONFIGURATION}-input-files.xcfilelist",
			);
			name = "[CP] Embed Pods Frameworks";
			outputFileListPaths = (
				"${PODS_ROOT}/Target Support Files/Pods-musicsearch/Pods-musicsearch-frameworks-${CONFIGURATION}-output-files.xcfilelist",
			);
			runOnlyForDeploymentPostprocessing = 0;
			shellPath = /bin/sh;
			shellScript = "\"${PODS_ROOT}/Target Support Files/Pods-musicsearch/Pods-musicsearch-frameworks.sh\"\n";
			showEnvVarsInLog = 0;
		};
		D6769D54226A2DFC62D4195B /* [CP] Check Pods Manifest.lock */ = {
			isa = PBXShellScriptBuildPhase;
			buildActionMask = 2147483647;
			files = (
			);
			inputFileListPaths = (
			);
			inputPaths = (
				"${PODS_PODFILE_DIR_PATH}/Podfile.lock",
				"${PODS_ROOT}/Manifest.lock",
			);
			name = "[CP] Check Pods Manifest.lock";
			outputFileListPaths = (
			);
			outputPaths = (
				"$(DERIVED_FILE_DIR)/Pods-musicsearch-musicsearchUITests-checkManifestLockResult.txt",
			);
			runOnlyForDeploymentPostprocessing = 0;
			shellPath = /bin/sh;
			shellScript = "diff \"${PODS_PODFILE_DIR_PATH}/Podfile.lock\" \"${PODS_ROOT}/Manifest.lock\" > /dev/null\nif [ $? != 0 ] ; then\n    # print error to STDERR\n    echo \"error: The sandbox is not in sync with the Podfile.lock. Run 'pod install' or update your CocoaPods installation.\" >&2\n    exit 1\nfi\n# This output is used by Xcode 'outputs' to avoid re-running this script phase.\necho \"SUCCESS\" > \"${SCRIPT_OUTPUT_FILE_0}\"\n";
			showEnvVarsInLog = 0;
		};
		F620A0B8DCAC043D3B5253B0 /* [CP] Check Pods Manifest.lock */ = {
			isa = PBXShellScriptBuildPhase;
			buildActionMask = 2147483647;
			files = (
			);
			inputFileListPaths = (
			);
			inputPaths = (
				"${PODS_PODFILE_DIR_PATH}/Podfile.lock",
				"${PODS_ROOT}/Manifest.lock",
			);
			name = "[CP] Check Pods Manifest.lock";
			outputFileListPaths = (
			);
			outputPaths = (
				"$(DERIVED_FILE_DIR)/Pods-musicsearch-checkManifestLockResult.txt",
			);
			runOnlyForDeploymentPostprocessing = 0;
			shellPath = /bin/sh;
			shellScript = "diff \"${PODS_PODFILE_DIR_PATH}/Podfile.lock\" \"${PODS_ROOT}/Manifest.lock\" > /dev/null\nif [ $? != 0 ] ; then\n    # print error to STDERR\n    echo \"error: The sandbox is not in sync with the Podfile.lock. Run 'pod install' or update your CocoaPods installation.\" >&2\n    exit 1\nfi\n# This output is used by Xcode 'outputs' to avoid re-running this script phase.\necho \"SUCCESS\" > \"${SCRIPT_OUTPUT_FILE_0}\"\n";
			showEnvVarsInLog = 0;
		};
/* End PBXShellScriptBuildPhase section */

/* Begin PBXSourcesBuildPhase section */
		215F0FCB2B6417820036E5DC /* Sources */ = {
			isa = PBXSourcesBuildPhase;
			buildActionMask = 2147483647;
			files = (
				215F0FD72B6417820036E5DC /* ViewController.swift in Sources */,
				216E5BAE2B6D4E530048E517 /* TableViewController.swift in Sources */,
				215F0FD32B6417820036E5DC /* AppDelegate.swift in Sources */,
				215F0FD52B6417820036E5DC /* SceneDelegate.swift in Sources */,
				216E5BAC2B6D4C700048E517 /* Itunes.swift in Sources */,
				215F10032B6418A30036E5DC /* MusicTableViewCell.swift in Sources */,
			);
			runOnlyForDeploymentPostprocessing = 0;
		};
		215F0FE12B6417850036E5DC /* Sources */ = {
			isa = PBXSourcesBuildPhase;
			buildActionMask = 2147483647;
			files = (
				215F0FEA2B6417850036E5DC /* musicsearchTests.swift in Sources */,
			);
			runOnlyForDeploymentPostprocessing = 0;
		};
		215F0FEB2B6417850036E5DC /* Sources */ = {
			isa = PBXSourcesBuildPhase;
			buildActionMask = 2147483647;
			files = (
				215F0FF62B6417850036E5DC /* musicsearchUITestsLaunchTests.swift in Sources */,
				215F0FF42B6417850036E5DC /* musicsearchUITests.swift in Sources */,
			);
			runOnlyForDeploymentPostprocessing = 0;
		};
/* End PBXSourcesBuildPhase section */

/* Begin PBXTargetDependency section */
		215F0FE72B6417850036E5DC /* PBXTargetDependency */ = {
			isa = PBXTargetDependency;
			target = 215F0FCE2B6417820036E5DC /* musicsearch */;
			targetProxy = 215F0FE62B6417850036E5DC /* PBXContainerItemProxy */;
		};
		215F0FF12B6417850036E5DC /* PBXTargetDependency */ = {
			isa = PBXTargetDependency;
			target = 215F0FCE2B6417820036E5DC /* musicsearch */;
			targetProxy = 215F0FF02B6417850036E5DC /* PBXContainerItemProxy */;
		};
/* End PBXTargetDependency section */

/* Begin PBXVariantGroup section */
		215F0FD82B6417830036E5DC /* Main.storyboard */ = {
			isa = PBXVariantGroup;
			children = (
				215F0FD92B6417830036E5DC /* Base */,
			);
			name = Main.storyboard;
			sourceTree = "<group>";
		};
		215F0FDD2B6417840036E5DC /* LaunchScreen.storyboard */ = {
			isa = PBXVariantGroup;
			children = (
				215F0FDE2B6417840036E5DC /* Base */,
			);
			name = LaunchScreen.storyboard;
			sourceTree = "<group>";
		};
/* End PBXVariantGroup section */

/* Begin XCBuildConfiguration section */
		215F0FF72B6417850036E5DC /* Debug */ = {
			isa = XCBuildConfiguration;
			buildSettings = {
				ALWAYS_SEARCH_USER_PATHS = NO;
				ASSETCATALOG_COMPILER_GENERATE_SWIFT_ASSET_SYMBOL_EXTENSIONS = YES;
				CLANG_ANALYZER_NONNULL = YES;
				CLANG_ANALYZER_NUMBER_OBJECT_CONVERSION = YES_AGGRESSIVE;
				CLANG_CXX_LANGUAGE_STANDARD = "gnu++20";
				CLANG_ENABLE_MODULES = YES;
				CLANG_ENABLE_OBJC_ARC = YES;
				CLANG_ENABLE_OBJC_WEAK = YES;
				CLANG_WARN_BLOCK_CAPTURE_AUTORELEASING = YES;
				CLANG_WARN_BOOL_CONVERSION = YES;
				CLANG_WARN_COMMA = YES;
				CLANG_WARN_CONSTANT_CONVERSION = YES;
				CLANG_WARN_DEPRECATED_OBJC_IMPLEMENTATIONS = YES;
				CLANG_WARN_DIRECT_OBJC_ISA_USAGE = YES_ERROR;
				CLANG_WARN_DOCUMENTATION_COMMENTS = YES;
				CLANG_WARN_EMPTY_BODY = YES;
				CLANG_WARN_ENUM_CONVERSION = YES;
				CLANG_WARN_INFINITE_RECURSION = YES;
				CLANG_WARN_INT_CONVERSION = YES;
				CLANG_WARN_NON_LITERAL_NULL_CONVERSION = YES;
				CLANG_WARN_OBJC_IMPLICIT_RETAIN_SELF = YES;
				CLANG_WARN_OBJC_LITERAL_CONVERSION = YES;
				CLANG_WARN_OBJC_ROOT_CLASS = YES_ERROR;
				CLANG_WARN_QUOTED_INCLUDE_IN_FRAMEWORK_HEADER = YES;
				CLANG_WARN_RANGE_LOOP_ANALYSIS = YES;
				CLANG_WARN_STRICT_PROTOTYPES = YES;
				CLANG_WARN_SUSPICIOUS_MOVE = YES;
				CLANG_WARN_UNGUARDED_AVAILABILITY = YES_AGGRESSIVE;
				CLANG_WARN_UNREACHABLE_CODE = YES;
				CLANG_WARN__DUPLICATE_METHOD_MATCH = YES;
				COPY_PHASE_STRIP = NO;
				DEBUG_INFORMATION_FORMAT = dwarf;
				ENABLE_STRICT_OBJC_MSGSEND = YES;
				ENABLE_TESTABILITY = YES;
				ENABLE_USER_SCRIPT_SANDBOXING = NO;
				GCC_C_LANGUAGE_STANDARD = gnu17;
				GCC_DYNAMIC_NO_PIC = NO;
				GCC_NO_COMMON_BLOCKS = YES;
				GCC_OPTIMIZATION_LEVEL = 0;
				GCC_PREPROCESSOR_DEFINITIONS = (
					"DEBUG=1",
					"$(inherited)",
				);
				GCC_WARN_64_TO_32_BIT_CONVERSION = YES;
				GCC_WARN_ABOUT_RETURN_TYPE = YES_ERROR;
				GCC_WARN_UNDECLARED_SELECTOR = YES;
				GCC_WARN_UNINITIALIZED_AUTOS = YES_AGGRESSIVE;
				GCC_WARN_UNUSED_FUNCTION = YES;
				GCC_WARN_UNUSED_VARIABLE = YES;
				IPHONEOS_DEPLOYMENT_TARGET = 17.2;
				LOCALIZATION_PREFERS_STRING_CATALOGS = YES;
				MTL_ENABLE_DEBUG_INFO = INCLUDE_SOURCE;
				MTL_FAST_MATH = YES;
				ONLY_ACTIVE_ARCH = YES;
				SDKROOT = iphoneos;
				SWIFT_ACTIVE_COMPILATION_CONDITIONS = "DEBUG $(inherited)";
				SWIFT_OPTIMIZATION_LEVEL = "-Onone";
			};
			name = Debug;
		};
		215F0FF82B6417850036E5DC /* Release */ = {
			isa = XCBuildConfiguration;
			buildSettings = {
				ALWAYS_SEARCH_USER_PATHS = NO;
				ASSETCATALOG_COMPILER_GENERATE_SWIFT_ASSET_SYMBOL_EXTENSIONS = YES;
				CLANG_ANALYZER_NONNULL = YES;
				CLANG_ANALYZER_NUMBER_OBJECT_CONVERSION = YES_AGGRESSIVE;
				CLANG_CXX_LANGUAGE_STANDARD = "gnu++20";
				CLANG_ENABLE_MODULES = YES;
				CLANG_ENABLE_OBJC_ARC = YES;
				CLANG_ENABLE_OBJC_WEAK = YES;
				CLANG_WARN_BLOCK_CAPTURE_AUTORELEASING = YES;
				CLANG_WARN_BOOL_CONVERSION = YES;
				CLANG_WARN_COMMA = YES;
				CLANG_WARN_CONSTANT_CONVERSION = YES;
				CLANG_WARN_DEPRECATED_OBJC_IMPLEMENTATIONS = YES;
				CLANG_WARN_DIRECT_OBJC_ISA_USAGE = YES_ERROR;
				CLANG_WARN_DOCUMENTATION_COMMENTS = YES;
				CLANG_WARN_EMPTY_BODY = YES;
				CLANG_WARN_ENUM_CONVERSION = YES;
				CLANG_WARN_INFINITE_RECURSION = YES;
				CLANG_WARN_INT_CONVERSION = YES;
				CLANG_WARN_NON_LITERAL_NULL_CONVERSION = YES;
				CLANG_WARN_OBJC_IMPLICIT_RETAIN_SELF = YES;
				CLANG_WARN_OBJC_LITERAL_CONVERSION = YES;
				CLANG_WARN_OBJC_ROOT_CLASS = YES_ERROR;
				CLANG_WARN_QUOTED_INCLUDE_IN_FRAMEWORK_HEADER = YES;
				CLANG_WARN_RANGE_LOOP_ANALYSIS = YES;
				CLANG_WARN_STRICT_PROTOTYPES = YES;
				CLANG_WARN_SUSPICIOUS_MOVE = YES;
				CLANG_WARN_UNGUARDED_AVAILABILITY = YES_AGGRESSIVE;
				CLANG_WARN_UNREACHABLE_CODE = YES;
				CLANG_WARN__DUPLICATE_METHOD_MATCH = YES;
				COPY_PHASE_STRIP = NO;
				DEBUG_INFORMATION_FORMAT = "dwarf-with-dsym";
				ENABLE_NS_ASSERTIONS = NO;
				ENABLE_STRICT_OBJC_MSGSEND = YES;
				ENABLE_USER_SCRIPT_SANDBOXING = NO;
				GCC_C_LANGUAGE_STANDARD = gnu17;
				GCC_NO_COMMON_BLOCKS = YES;
				GCC_WARN_64_TO_32_BIT_CONVERSION = YES;
				GCC_WARN_ABOUT_RETURN_TYPE = YES_ERROR;
				GCC_WARN_UNDECLARED_SELECTOR = YES;
				GCC_WARN_UNINITIALIZED_AUTOS = YES_AGGRESSIVE;
				GCC_WARN_UNUSED_FUNCTION = YES;
				GCC_WARN_UNUSED_VARIABLE = YES;
				IPHONEOS_DEPLOYMENT_TARGET = 17.2;
				LOCALIZATION_PREFERS_STRING_CATALOGS = YES;
				MTL_ENABLE_DEBUG_INFO = NO;
				MTL_FAST_MATH = YES;
				SDKROOT = iphoneos;
				SWIFT_COMPILATION_MODE = wholemodule;
				VALIDATE_PRODUCT = YES;
			};
			name = Release;
		};
		215F0FFA2B6417850036E5DC /* Debug */ = {
			isa = XCBuildConfiguration;
			baseConfigurationReference = 7ECBEDE73F6C8DC6C489B5E7 /* Pods-musicsearch.debug.xcconfig */;
			buildSettings = {
				ASSETCATALOG_COMPILER_APPICON_NAME = AppIcon;
				ASSETCATALOG_COMPILER_GLOBAL_ACCENT_COLOR_NAME = AccentColor;
				CODE_SIGN_STYLE = Automatic;
				CURRENT_PROJECT_VERSION = 1;
				GENERATE_INFOPLIST_FILE = YES;
				INFOPLIST_FILE = musicsearch/Info.plist;
				INFOPLIST_KEY_UIApplicationSupportsIndirectInputEvents = YES;
				INFOPLIST_KEY_UILaunchStoryboardName = LaunchScreen;
				INFOPLIST_KEY_UIMainStoryboardFile = Main;
				INFOPLIST_KEY_UISupportedInterfaceOrientations_iPad = "UIInterfaceOrientationPortrait UIInterfaceOrientationPortraitUpsideDown UIInterfaceOrientationLandscapeLeft UIInterfaceOrientationLandscapeRight";
				INFOPLIST_KEY_UISupportedInterfaceOrientations_iPhone = "UIInterfaceOrientationPortrait UIInterfaceOrientationLandscapeLeft UIInterfaceOrientationLandscapeRight";
				LD_RUNPATH_SEARCH_PATHS = (
					"$(inherited)",
					"@executable_path/Frameworks",
				);
				MARKETING_VERSION = 1.0;
				PRODUCT_BUNDLE_IDENTIFIER = Baigali.musicsearch;
				PRODUCT_NAME = "$(TARGET_NAME)";
				SWIFT_EMIT_LOC_STRINGS = YES;
				SWIFT_VERSION = 5.0;
				TARGETED_DEVICE_FAMILY = "1,2";
			};
			name = Debug;
		};
		215F0FFB2B6417850036E5DC /* Release */ = {
			isa = XCBuildConfiguration;
			baseConfigurationReference = ABC300552D9D47E70929435F /* Pods-musicsearch.release.xcconfig */;
			buildSettings = {
				ASSETCATALOG_COMPILER_APPICON_NAME = AppIcon;
				ASSETCATALOG_COMPILER_GLOBAL_ACCENT_COLOR_NAME = AccentColor;
				CODE_SIGN_STYLE = Automatic;
				CURRENT_PROJECT_VERSION = 1;
				GENERATE_INFOPLIST_FILE = YES;
				INFOPLIST_FILE = musicsearch/Info.plist;
				INFOPLIST_KEY_UIApplicationSupportsIndirectInputEvents = YES;
				INFOPLIST_KEY_UILaunchStoryboardName = LaunchScreen;
				INFOPLIST_KEY_UIMainStoryboardFile = Main;
				INFOPLIST_KEY_UISupportedInterfaceOrientations_iPad = "UIInterfaceOrientationPortrait UIInterfaceOrientationPortraitUpsideDown UIInterfaceOrientationLandscapeLeft UIInterfaceOrientationLandscapeRight";
				INFOPLIST_KEY_UISupportedInterfaceOrientations_iPhone = "UIInterfaceOrientationPortrait UIInterfaceOrientationLandscapeLeft UIInterfaceOrientationLandscapeRight";
				LD_RUNPATH_SEARCH_PATHS = (
					"$(inherited)",
					"@executable_path/Frameworks",
				);
				MARKETING_VERSION = 1.0;
				PRODUCT_BUNDLE_IDENTIFIER = Baigali.musicsearch;
				PRODUCT_NAME = "$(TARGET_NAME)";
				SWIFT_EMIT_LOC_STRINGS = YES;
				SWIFT_VERSION = 5.0;
				TARGETED_DEVICE_FAMILY = "1,2";
			};
			name = Release;
		};
		215F0FFD2B6417850036E5DC /* Debug */ = {
			isa = XCBuildConfiguration;
			baseConfigurationReference = 1D3146E24BD31087494379FF /* Pods-musicsearchTests.debug.xcconfig */;
			buildSettings = {
				ALWAYS_EMBED_SWIFT_STANDARD_LIBRARIES = YES;
				BUNDLE_LOADER = "$(TEST_HOST)";
				CODE_SIGN_STYLE = Automatic;
				CURRENT_PROJECT_VERSION = 1;
				GENERATE_INFOPLIST_FILE = YES;
				IPHONEOS_DEPLOYMENT_TARGET = 17.2;
				MARKETING_VERSION = 1.0;
				PRODUCT_BUNDLE_IDENTIFIER = Baigali.musicsearchTests;
				PRODUCT_NAME = "$(TARGET_NAME)";
				SWIFT_EMIT_LOC_STRINGS = NO;
				SWIFT_VERSION = 5.0;
				TARGETED_DEVICE_FAMILY = "1,2";
				TEST_HOST = "$(BUILT_PRODUCTS_DIR)/musicsearch.app/$(BUNDLE_EXECUTABLE_FOLDER_PATH)/musicsearch";
			};
			name = Debug;
		};
		215F0FFE2B6417850036E5DC /* Release */ = {
			isa = XCBuildConfiguration;
			baseConfigurationReference = 0608C11EACF5CABEFCA66E95 /* Pods-musicsearchTests.release.xcconfig */;
			buildSettings = {
				ALWAYS_EMBED_SWIFT_STANDARD_LIBRARIES = YES;
				BUNDLE_LOADER = "$(TEST_HOST)";
				CODE_SIGN_STYLE = Automatic;
				CURRENT_PROJECT_VERSION = 1;
				GENERATE_INFOPLIST_FILE = YES;
				IPHONEOS_DEPLOYMENT_TARGET = 17.2;
				MARKETING_VERSION = 1.0;
				PRODUCT_BUNDLE_IDENTIFIER = Baigali.musicsearchTests;
				PRODUCT_NAME = "$(TARGET_NAME)";
				SWIFT_EMIT_LOC_STRINGS = NO;
				SWIFT_VERSION = 5.0;
				TARGETED_DEVICE_FAMILY = "1,2";
				TEST_HOST = "$(BUILT_PRODUCTS_DIR)/musicsearch.app/$(BUNDLE_EXECUTABLE_FOLDER_PATH)/musicsearch";
			};
			name = Release;
		};
		215F10002B6417850036E5DC /* Debug */ = {
			isa = XCBuildConfiguration;
			baseConfigurationReference = 8770F66AEEFA12BB336A8AA7 /* Pods-musicsearch-musicsearchUITests.debug.xcconfig */;
			buildSettings = {
				ALWAYS_EMBED_SWIFT_STANDARD_LIBRARIES = YES;
				CODE_SIGN_STYLE = Automatic;
				CURRENT_PROJECT_VERSION = 1;
				GENERATE_INFOPLIST_FILE = YES;
				MARKETING_VERSION = 1.0;
				PRODUCT_BUNDLE_IDENTIFIER = Baigali.musicsearchUITests;
				PRODUCT_NAME = "$(TARGET_NAME)";
				SWIFT_EMIT_LOC_STRINGS = NO;
				SWIFT_VERSION = 5.0;
				TARGETED_DEVICE_FAMILY = "1,2";
				TEST_TARGET_NAME = musicsearch;
			};
			name = Debug;
		};
		215F10012B6417850036E5DC /* Release */ = {
			isa = XCBuildConfiguration;
			baseConfigurationReference = 9E8C27C8C50ECC71776A1584 /* Pods-musicsearch-musicsearchUITests.release.xcconfig */;
			buildSettings = {
				ALWAYS_EMBED_SWIFT_STANDARD_LIBRARIES = YES;
				CODE_SIGN_STYLE = Automatic;
				CURRENT_PROJECT_VERSION = 1;
				GENERATE_INFOPLIST_FILE = YES;
				MARKETING_VERSION = 1.0;
				PRODUCT_BUNDLE_IDENTIFIER = Baigali.musicsearchUITests;
				PRODUCT_NAME = "$(TARGET_NAME)";
				SWIFT_EMIT_LOC_STRINGS = NO;
				SWIFT_VERSION = 5.0;
				TARGETED_DEVICE_FAMILY = "1,2";
				TEST_TARGET_NAME = musicsearch;
			};
			name = Release;
		};
/* End XCBuildConfiguration section */

/* Begin XCConfigurationList section */
		215F0FCA2B6417820036E5DC /* Build configuration list for PBXProject "musicsearch" */ = {
			isa = XCConfigurationList;
			buildConfigurations = (
				215F0FF72B6417850036E5DC /* Debug */,
				215F0FF82B6417850036E5DC /* Release */,
			);
			defaultConfigurationIsVisible = 0;
			defaultConfigurationName = Release;
		};
		215F0FF92B6417850036E5DC /* Build configuration list for PBXNativeTarget "musicsearch" */ = {
			isa = XCConfigurationList;
			buildConfigurations = (
				215F0FFA2B6417850036E5DC /* Debug */,
				215F0FFB2B6417850036E5DC /* Release */,
			);
			defaultConfigurationIsVisible = 0;
			defaultConfigurationName = Release;
		};
		215F0FFC2B6417850036E5DC /* Build configuration list for PBXNativeTarget "musicsearchTests" */ = {
			isa = XCConfigurationList;
			buildConfigurations = (
				215F0FFD2B6417850036E5DC /* Debug */,
				215F0FFE2B6417850036E5DC /* Release */,
			);
			defaultConfigurationIsVisible = 0;
			defaultConfigurationName = Release;
		};
		215F0FFF2B6417850036E5DC /* Build configuration list for PBXNativeTarget "musicsearchUITests" */ = {
			isa = XCConfigurationList;
			buildConfigurations = (
				215F10002B6417850036E5DC /* Debug */,
				215F10012B6417850036E5DC /* Release */,
			);
			defaultConfigurationIsVisible = 0;
			defaultConfigurationName = Release;
		};
/* End XCConfigurationList section */
	};
	rootObject = 215F0FC72B6417820036E5DC /* Project object */;
}
